// !$*UTF8*$!
{
	archiveVersion = 1;
	classes = {
	};
	objectVersion = 50;
	objects = {

/* Begin PBXBuildFile section */
		3B6BFC5633FCE129B072A1D9 /* Pods_SVmiOS.framework in Frameworks */ = {isa = PBXBuildFile; fileRef = 86E06D55F1857F527B4CFBD5 /* Pods_SVmiOS.framework */; };
		5CAA0A8E222F5BC000BDE83B /* AppDelegate.swift in Sources */ = {isa = PBXBuildFile; fileRef = 5CAA0A8D222F5BC000BDE83B /* AppDelegate.swift */; };
		5CAA0A90222F5BC000BDE83B /* ViewController.swift in Sources */ = {isa = PBXBuildFile; fileRef = 5CAA0A8F222F5BC000BDE83B /* ViewController.swift */; };
		5CAA0A93222F5BC000BDE83B /* Main.storyboard in Resources */ = {isa = PBXBuildFile; fileRef = 5CAA0A91222F5BC000BDE83B /* Main.storyboard */; };
		5CAA0A95222F5BC100BDE83B /* Assets.xcassets in Resources */ = {isa = PBXBuildFile; fileRef = 5CAA0A94222F5BC100BDE83B /* Assets.xcassets */; };
		5CAA0A98222F5BC100BDE83B /* LaunchScreen.storyboard in Resources */ = {isa = PBXBuildFile; fileRef = 5CAA0A96222F5BC100BDE83B /* LaunchScreen.storyboard */; };
/* End PBXBuildFile section */

/* Begin PBXFileReference section */
		5CAA0A8A222F5BC000BDE83B /* SVmiOS.app */ = {isa = PBXFileReference; explicitFileType = wrapper.application; includeInIndex = 0; path = SVmiOS.app; sourceTree = BUILT_PRODUCTS_DIR; };
		5CAA0A8D222F5BC000BDE83B /* AppDelegate.swift */ = {isa = PBXFileReference; lastKnownFileType = sourcecode.swift; path = AppDelegate.swift; sourceTree = "<group>"; };
		5CAA0A8F222F5BC000BDE83B /* ViewController.swift */ = {isa = PBXFileReference; lastKnownFileType = sourcecode.swift; path = ViewController.swift; sourceTree = "<group>"; };
		5CAA0A92222F5BC000BDE83B /* Base */ = {isa = PBXFileReference; lastKnownFileType = file.storyboard; name = Base; path = Base.lproj/Main.storyboard; sourceTree = "<group>"; };
		5CAA0A94222F5BC100BDE83B /* Assets.xcassets */ = {isa = PBXFileReference; lastKnownFileType = folder.assetcatalog; path = Assets.xcassets; sourceTree = "<group>"; };
		5CAA0A97222F5BC100BDE83B /* Base */ = {isa = PBXFileReference; lastKnownFileType = file.storyboard; name = Base; path = Base.lproj/LaunchScreen.storyboard; sourceTree = "<group>"; };
		5CAA0A99222F5BC100BDE83B /* Info.plist */ = {isa = PBXFileReference; lastKnownFileType = text.plist.xml; path = Info.plist; sourceTree = "<group>"; };
		86E06D55F1857F527B4CFBD5 /* Pods_SVmiOS.framework */ = {isa = PBXFileReference; explicitFileType = wrapper.framework; includeInIndex = 0; path = Pods_SVmiOS.framework; sourceTree = BUILT_PRODUCTS_DIR; };
		AF7BA614EB74FC00314D2993 /* Pods-SVmiOS.release.xcconfig */ = {isa = PBXFileReference; includeInIndex = 1; lastKnownFileType = text.xcconfig; name = "Pods-SVmiOS.release.xcconfig"; path = "Pods/Target Support Files/Pods-SVmiOS/Pods-SVmiOS.release.xcconfig"; sourceTree = "<group>"; };
		C01FD656112D0778A17DC91E /* Pods-SVmiOS.debug.xcconfig */ = {isa = PBXFileReference; includeInIndex = 1; lastKnownFileType = text.xcconfig; name = "Pods-SVmiOS.debug.xcconfig"; path = "Pods/Target Support Files/Pods-SVmiOS/Pods-SVmiOS.debug.xcconfig"; sourceTree = "<group>"; };
/* End PBXFileReference section */

/* Begin PBXFrameworksBuildPhase section */
		5CAA0A87222F5BC000BDE83B /* Frameworks */ = {
			isa = PBXFrameworksBuildPhase;
			buildActionMask = 2147483647;
			files = (
				3B6BFC5633FCE129B072A1D9 /* Pods_SVmiOS.framework in Frameworks */,
			);
			runOnlyForDeploymentPostprocessing = 0;
		};
/* End PBXFrameworksBuildPhase section */

/* Begin PBXGroup section */
		5CAA0A81222F5BC000BDE83B = {
			isa = PBXGroup;
			children = (
				5CAA0A8C222F5BC000BDE83B /* SVmiOS */,
				5CAA0A8B222F5BC000BDE83B /* Products */,
				E83A33455C793EAD60EE1D79 /* Pods */,
				65B23C9073B33EF78ECDC2D5 /* Frameworks */,
			);
			sourceTree = "<group>";
		};
		5CAA0A8B222F5BC000BDE83B /* Products */ = {
			isa = PBXGroup;
			children = (
				5CAA0A8A222F5BC000BDE83B /* SVmiOS.app */,
			);
			name = Products;
			sourceTree = "<group>";
		};
		5CAA0A8C222F5BC000BDE83B /* SVmiOS */ = {
			isa = PBXGroup;
			children = (
				5CAA0A8D222F5BC000BDE83B /* AppDelegate.swift */,
				5CAA0A9F222F5ED600BDE83B /* Sources */,
				5CAA0AA0222F5F0A00BDE83B /* Resources */,
			);
			path = SVmiOS;
			sourceTree = "<group>";
		};
		5CAA0A9F222F5ED600BDE83B /* Sources */ = {
			isa = PBXGroup;
			children = (
				5CAA0AA1222F5F2000BDE83B /* Base */,
				5CAA0AA7222F5F7F00BDE83B /* Contents */,
				5CAA0AA4222F5F4C00BDE83B /* Service */,
				5CAA0AA3222F5F4600BDE83B /* Model */,
				5CAA0AA5222F5F5400BDE83B /* Utility */,
			);
			path = Sources;
			sourceTree = "<group>";
		};
		5CAA0AA0222F5F0A00BDE83B /* Resources */ = {
			isa = PBXGroup;
			children = (
				5CAA0A91222F5BC000BDE83B /* Main.storyboard */,
				5CAA0A94222F5BC100BDE83B /* Assets.xcassets */,
				5CAA0A96222F5BC100BDE83B /* LaunchScreen.storyboard */,
				5CAA0A99222F5BC100BDE83B /* Info.plist */,
			);
			path = Resources;
			sourceTree = "<group>";
		};
		5CAA0AA1222F5F2000BDE83B /* Base */ = {
			isa = PBXGroup;
			children = (
			);
			path = Base;
			sourceTree = "<group>";
		};
		5CAA0AA3222F5F4600BDE83B /* Model */ = {
			isa = PBXGroup;
			children = (
			);
			path = Model;
			sourceTree = "<group>";
		};
		5CAA0AA4222F5F4C00BDE83B /* Service */ = {
			isa = PBXGroup;
			children = (
			);
			path = Service;
			sourceTree = "<group>";
		};
		5CAA0AA5222F5F5400BDE83B /* Utility */ = {
			isa = PBXGroup;
			children = (
			);
			path = Utility;
			sourceTree = "<group>";
		};
		5CAA0AA7222F5F7F00BDE83B /* Contents */ = {
			isa = PBXGroup;
			children = (
				5CAA0A8F222F5BC000BDE83B /* ViewController.swift */,
			);
			path = Contents;
			sourceTree = "<group>";
		};
		65B23C9073B33EF78ECDC2D5 /* Frameworks */ = {
			isa = PBXGroup;
			children = (
				86E06D55F1857F527B4CFBD5 /* Pods_SVmiOS.framework */,
			);
			name = Frameworks;
			sourceTree = "<group>";
		};
		E83A33455C793EAD60EE1D79 /* Pods */ = {
			isa = PBXGroup;
			children = (
				C01FD656112D0778A17DC91E /* Pods-SVmiOS.debug.xcconfig */,
				AF7BA614EB74FC00314D2993 /* Pods-SVmiOS.release.xcconfig */,
			);
			name = Pods;
			sourceTree = "<group>";
		};
/* End PBXGroup section */

/* Begin PBXNativeTarget section */
		5CAA0A89222F5BC000BDE83B /* SVmiOS */ = {
			isa = PBXNativeTarget;
			buildConfigurationList = 5CAA0A9C222F5BC100BDE83B /* Build configuration list for PBXNativeTarget "SVmiOS" */;
			buildPhases = (
				76204F9ADBE860C6986A325D /* [CP] Check Pods Manifest.lock */,
				5CAA0A86222F5BC000BDE83B /* Sources */,
				5CAA0A87222F5BC000BDE83B /* Frameworks */,
				5CAA0A88222F5BC000BDE83B /* Resources */,
				ECAC61F7C14E9D192ADCD369 /* [CP] Embed Pods Frameworks */,
			);
			buildRules = (
			);
			dependencies = (
			);
			name = SVmiOS;
			productName = SVmiOS;
			productReference = 5CAA0A8A222F5BC000BDE83B /* SVmiOS.app */;
			productType = "com.apple.product-type.application";
		};
/* End PBXNativeTarget section */

/* Begin PBXProject section */
		5CAA0A82222F5BC000BDE83B /* Project object */ = {
			isa = PBXProject;
			attributes = {
				LastSwiftUpdateCheck = 1010;
				LastUpgradeCheck = 1010;
				ORGANIZATIONNAME = "승진김";
				TargetAttributes = {
					5CAA0A89222F5BC000BDE83B = {
						CreatedOnToolsVersion = 10.1;
					};
				};
			};
			buildConfigurationList = 5CAA0A85222F5BC000BDE83B /* Build configuration list for PBXProject "SVmiOS" */;
			compatibilityVersion = "Xcode 9.3";
			developmentRegion = en;
			hasScannedForEncodings = 0;
			knownRegions = (
				en,
				Base,
			);
			mainGroup = 5CAA0A81222F5BC000BDE83B;
			productRefGroup = 5CAA0A8B222F5BC000BDE83B /* Products */;
			projectDirPath = "";
			projectRoot = "";
			targets = (
				5CAA0A89222F5BC000BDE83B /* SVmiOS */,
			);
		};
/* End PBXProject section */

/* Begin PBXResourcesBuildPhase section */
		5CAA0A88222F5BC000BDE83B /* Resources */ = {
			isa = PBXResourcesBuildPhase;
			buildActionMask = 2147483647;
			files = (
				5CAA0A98222F5BC100BDE83B /* LaunchScreen.storyboard in Resources */,
				5CAA0A95222F5BC100BDE83B /* Assets.xcassets in Resources */,
				5CAA0A93222F5BC000BDE83B /* Main.storyboard in Resources */,
			);
			runOnlyForDeploymentPostprocessing = 0;
		};
/* End PBXResourcesBuildPhase section */

/* Begin PBXShellScriptBuildPhase section */
		76204F9ADBE860C6986A325D /* [CP] Check Pods Manifest.lock */ = {
			isa = PBXShellScriptBuildPhase;
			buildActionMask = 2147483647;
			files = (
			);
			inputFileListPaths = (
			);
			inputPaths = (
				"${PODS_PODFILE_DIR_PATH}/Podfile.lock",
				"${PODS_ROOT}/Manifest.lock",
			);
			name = "[CP] Check Pods Manifest.lock";
			outputFileListPaths = (
			);
			outputPaths = (
				"$(DERIVED_FILE_DIR)/Pods-SVmiOS-checkManifestLockResult.txt",
			);
			runOnlyForDeploymentPostprocessing = 0;
			shellPath = /bin/sh;
			shellScript = "diff \"${PODS_PODFILE_DIR_PATH}/Podfile.lock\" \"${PODS_ROOT}/Manifest.lock\" > /dev/null\nif [ $? != 0 ] ; then\n    # print error to STDERR\n    echo \"error: The sandbox is not in sync with the Podfile.lock. Run 'pod install' or update your CocoaPods installation.\" >&2\n    exit 1\nfi\n# This output is used by Xcode 'outputs' to avoid re-running this script phase.\necho \"SUCCESS\" > \"${SCRIPT_OUTPUT_FILE_0}\"\n";
			showEnvVarsInLog = 0;
		};
		ECAC61F7C14E9D192ADCD369 /* [CP] Embed Pods Frameworks */ = {
			isa = PBXShellScriptBuildPhase;
			buildActionMask = 2147483647;
			files = (
			);
			inputFileListPaths = (
			);
			inputPaths = (
				"${SRCROOT}/Pods/Target Support Files/Pods-SVmiOS/Pods-SVmiOS-frameworks.sh",
				"${BUILT_PRODUCTS_DIR}/Kingfisher/Kingfisher.framework",
				"${BUILT_PRODUCTS_DIR}/RxAtomic/RxAtomic.framework",
				"${BUILT_PRODUCTS_DIR}/RxCocoa/RxCocoa.framework",
				"${BUILT_PRODUCTS_DIR}/RxSwift/RxSwift.framework",
				"${BUILT_PRODUCTS_DIR}/SnapKit/SnapKit.framework",
			);
			name = "[CP] Embed Pods Frameworks";
			outputFileListPaths = (
			);
			outputPaths = (
				"${TARGET_BUILD_DIR}/${FRAMEWORKS_FOLDER_PATH}/Kingfisher.framework",
				"${TARGET_BUILD_DIR}/${FRAMEWORKS_FOLDER_PATH}/RxAtomic.framework",
				"${TARGET_BUILD_DIR}/${FRAMEWORKS_FOLDER_PATH}/RxCocoa.framework",
				"${TARGET_BUILD_DIR}/${FRAMEWORKS_FOLDER_PATH}/RxSwift.framework",
				"${TARGET_BUILD_DIR}/${FRAMEWORKS_FOLDER_PATH}/SnapKit.framework",
			);
			runOnlyForDeploymentPostprocessing = 0;
			shellPath = /bin/sh;
			shellScript = "\"${SRCROOT}/Pods/Target Support Files/Pods-SVmiOS/Pods-SVmiOS-frameworks.sh\"\n";
			showEnvVarsInLog = 0;
		};
/* End PBXShellScriptBuildPhase section */

/* Begin PBXSourcesBuildPhase section */
		5CAA0A86222F5BC000BDE83B /* Sources */ = {
			isa = PBXSourcesBuildPhase;
			buildActionMask = 2147483647;
			files = (
				5CAA0A90222F5BC000BDE83B /* ViewController.swift in Sources */,
				5CAA0A8E222F5BC000BDE83B /* AppDelegate.swift in Sources */,
			);
			runOnlyForDeploymentPostprocessing = 0;
		};
/* End PBXSourcesBuildPhase section */

/* Begin PBXVariantGroup section */
		5CAA0A91222F5BC000BDE83B /* Main.storyboard */ = {
			isa = PBXVariantGroup;
			children = (
				5CAA0A92222F5BC000BDE83B /* Base */,
			);
			name = Main.storyboard;
			sourceTree = "<group>";
		};
		5CAA0A96222F5BC100BDE83B /* LaunchScreen.storyboard */ = {
			isa = PBXVariantGroup;
			children = (
				5CAA0A97222F5BC100BDE83B /* Base */,
			);
			name = LaunchScreen.storyboard;
			sourceTree = "<group>";
		};
/* End PBXVariantGroup section */

/* Begin XCBuildConfiguration section */
		5CAA0A9A222F5BC100BDE83B /* Debug */ = {
			isa = XCBuildConfiguration;
			buildSettings = {
				ALWAYS_SEARCH_USER_PATHS = NO;
				CLANG_ANALYZER_NONNULL = YES;
				CLANG_ANALYZER_NUMBER_OBJECT_CONVERSION = YES_AGGRESSIVE;
				CLANG_CXX_LANGUAGE_STANDARD = "gnu++14";
				CLANG_CXX_LIBRARY = "libc++";
				CLANG_ENABLE_MODULES = YES;
				CLANG_ENABLE_OBJC_ARC = YES;
				CLANG_ENABLE_OBJC_WEAK = YES;
				CLANG_WARN_BLOCK_CAPTURE_AUTORELEASING = YES;
				CLANG_WARN_BOOL_CONVERSION = YES;
				CLANG_WARN_COMMA = YES;
				CLANG_WARN_CONSTANT_CONVERSION = YES;
				CLANG_WARN_DEPRECATED_OBJC_IMPLEMENTATIONS = YES;
				CLANG_WARN_DIRECT_OBJC_ISA_USAGE = YES_ERROR;
				CLANG_WARN_DOCUMENTATION_COMMENTS = YES;
				CLANG_WARN_EMPTY_BODY = YES;
				CLANG_WARN_ENUM_CONVERSION = YES;
				CLANG_WARN_INFINITE_RECURSION = YES;
				CLANG_WARN_INT_CONVERSION = YES;
				CLANG_WARN_NON_LITERAL_NULL_CONVERSION = YES;
				CLANG_WARN_OBJC_IMPLICIT_RETAIN_SELF = YES;
				CLANG_WARN_OBJC_LITERAL_CONVERSION = YES;
				CLANG_WARN_OBJC_ROOT_CLASS = YES_ERROR;
				CLANG_WARN_RANGE_LOOP_ANALYSIS = YES;
				CLANG_WARN_STRICT_PROTOTYPES = YES;
				CLANG_WARN_SUSPICIOUS_MOVE = YES;
				CLANG_WARN_UNGUARDED_AVAILABILITY = YES_AGGRESSIVE;
				CLANG_WARN_UNREACHABLE_CODE = YES;
				CLANG_WARN__DUPLICATE_METHOD_MATCH = YES;
				CODE_SIGN_IDENTITY = "iPhone Developer";
				COPY_PHASE_STRIP = NO;
				DEBUG_INFORMATION_FORMAT = dwarf;
				ENABLE_STRICT_OBJC_MSGSEND = YES;
				ENABLE_TESTABILITY = YES;
				GCC_C_LANGUAGE_STANDARD = gnu11;
				GCC_DYNAMIC_NO_PIC = NO;
				GCC_NO_COMMON_BLOCKS = YES;
				GCC_OPTIMIZATION_LEVEL = 0;
				GCC_PREPROCESSOR_DEFINITIONS = (
					"DEBUG=1",
					"$(inherited)",
				);
				GCC_WARN_64_TO_32_BIT_CONVERSION = YES;
				GCC_WARN_ABOUT_RETURN_TYPE = YES_ERROR;
				GCC_WARN_UNDECLARED_SELECTOR = YES;
				GCC_WARN_UNINITIALIZED_AUTOS = YES_AGGRESSIVE;
				GCC_WARN_UNUSED_FUNCTION = YES;
				GCC_WARN_UNUSED_VARIABLE = YES;
				IPHONEOS_DEPLOYMENT_TARGET = 12.1;
				MTL_ENABLE_DEBUG_INFO = INCLUDE_SOURCE;
				MTL_FAST_MATH = YES;
				ONLY_ACTIVE_ARCH = YES;
				SDKROOT = iphoneos;
				SWIFT_ACTIVE_COMPILATION_CONDITIONS = DEBUG;
				SWIFT_OPTIMIZATION_LEVEL = "-Onone";
			};
			name = Debug;
		};
		5CAA0A9B222F5BC100BDE83B /* Release */ = {
			isa = XCBuildConfiguration;
			buildSettings = {
				ALWAYS_SEARCH_USER_PATHS = NO;
				CLANG_ANALYZER_NONNULL = YES;
				CLANG_ANALYZER_NUMBER_OBJECT_CONVERSION = YES_AGGRESSIVE;
				CLANG_CXX_LANGUAGE_STANDARD = "gnu++14";
				CLANG_CXX_LIBRARY = "libc++";
				CLANG_ENABLE_MODULES = YES;
				CLANG_ENABLE_OBJC_ARC = YES;
				CLANG_ENABLE_OBJC_WEAK = YES;
				CLANG_WARN_BLOCK_CAPTURE_AUTORELEASING = YES;
				CLANG_WARN_BOOL_CONVERSION = YES;
				CLANG_WARN_COMMA = YES;
				CLANG_WARN_CONSTANT_CONVERSION = YES;
				CLANG_WARN_DEPRECATED_OBJC_IMPLEMENTATIONS = YES;
				CLANG_WARN_DIRECT_OBJC_ISA_USAGE = YES_ERROR;
				CLANG_WARN_DOCUMENTATION_COMMENTS = YES;
				CLANG_WARN_EMPTY_BODY = YES;
				CLANG_WARN_ENUM_CONVERSION = YES;
				CLANG_WARN_INFINITE_RECURSION = YES;
				CLANG_WARN_INT_CONVERSION = YES;
				CLANG_WARN_NON_LITERAL_NULL_CONVERSION = YES;
				CLANG_WARN_OBJC_IMPLICIT_RETAIN_SELF = YES;
				CLANG_WARN_OBJC_LITERAL_CONVERSION = YES;
				CLANG_WARN_OBJC_ROOT_CLASS = YES_ERROR;
				CLANG_WARN_RANGE_LOOP_ANALYSIS = YES;
				CLANG_WARN_STRICT_PROTOTYPES = YES;
				CLANG_WARN_SUSPICIOUS_MOVE = YES;
				CLANG_WARN_UNGUARDED_AVAILABILITY = YES_AGGRESSIVE;
				CLANG_WARN_UNREACHABLE_CODE = YES;
				CLANG_WARN__DUPLICATE_METHOD_MATCH = YES;
				CODE_SIGN_IDENTITY = "iPhone Developer";
				COPY_PHASE_STRIP = NO;
				DEBUG_INFORMATION_FORMAT = "dwarf-with-dsym";
				ENABLE_NS_ASSERTIONS = NO;
				ENABLE_STRICT_OBJC_MSGSEND = YES;
				GCC_C_LANGUAGE_STANDARD = gnu11;
				GCC_NO_COMMON_BLOCKS = YES;
				GCC_WARN_64_TO_32_BIT_CONVERSION = YES;
				GCC_WARN_ABOUT_RETURN_TYPE = YES_ERROR;
				GCC_WARN_UNDECLARED_SELECTOR = YES;
				GCC_WARN_UNINITIALIZED_AUTOS = YES_AGGRESSIVE;
				GCC_WARN_UNUSED_FUNCTION = YES;
				GCC_WARN_UNUSED_VARIABLE = YES;
				IPHONEOS_DEPLOYMENT_TARGET = 12.1;
				MTL_ENABLE_DEBUG_INFO = NO;
				MTL_FAST_MATH = YES;
				SDKROOT = iphoneos;
				SWIFT_COMPILATION_MODE = wholemodule;
				SWIFT_OPTIMIZATION_LEVEL = "-O";
				VALIDATE_PRODUCT = YES;
			};
			name = Release;
		};
		5CAA0A9D222F5BC100BDE83B /* Debug */ = {
			isa = XCBuildConfiguration;
			baseConfigurationReference = C01FD656112D0778A17DC91E /* Pods-SVmiOS.debug.xcconfig */;
			buildSettings = {
				ASSETCATALOG_COMPILER_APPICON_NAME = AppIcon;
				CODE_SIGN_STYLE = Automatic;
				DEVELOPMENT_TEAM = CNMQE42DQF;
				INFOPLIST_FILE = "$(SRCROOT)/SVmiOS/Resources/Info.plist";
				IPHONEOS_DEPLOYMENT_TARGET = 11.0;
				LD_RUNPATH_SEARCH_PATHS = (
					"$(inherited)",
					"@executable_path/Frameworks",
				);
				PRODUCT_BUNDLE_IDENTIFIER = com.jinShine.SVmiOS;
				PRODUCT_NAME = "$(TARGET_NAME)";
				SWIFT_VERSION = 4.2;
				TARGETED_DEVICE_FAMILY = "1,2";
			};
			name = Debug;
		};
		5CAA0A9E222F5BC100BDE83B /* Release */ = {
			isa = XCBuildConfiguration;
			baseConfigurationReference = AF7BA614EB74FC00314D2993 /* Pods-SVmiOS.release.xcconfig */;
			buildSettings = {
				ASSETCATALOG_COMPILER_APPICON_NAME = AppIcon;
				CODE_SIGN_STYLE = Automatic;
				DEVELOPMENT_TEAM = CNMQE42DQF;
				INFOPLIST_FILE = "$(SRCROOT)/SVmiOS/Resources/Info.plist";
				IPHONEOS_DEPLOYMENT_TARGET = 11.0;
				LD_RUNPATH_SEARCH_PATHS = (
					"$(inherited)",
					"@executable_path/Frameworks",
				);
				PRODUCT_BUNDLE_IDENTIFIER = com.jinShine.SVmiOS;
				PRODUCT_NAME = "$(TARGET_NAME)";
				SWIFT_VERSION = 4.2;
				TARGETED_DEVICE_FAMILY = "1,2";
			};
			name = Release;
		};
/* End XCBuildConfiguration section */

/* Begin XCConfigurationList section */
		5CAA0A85222F5BC000BDE83B /* Build configuration list for PBXProject "SVmiOS" */ = {
			isa = XCConfigurationList;
			buildConfigurations = (
				5CAA0A9A222F5BC100BDE83B /* Debug */,
				5CAA0A9B222F5BC100BDE83B /* Release */,
			);
			defaultConfigurationIsVisible = 0;
			defaultConfigurationName = Release;
		};
		5CAA0A9C222F5BC100BDE83B /* Build configuration list for PBXNativeTarget "SVmiOS" */ = {
			isa = XCConfigurationList;
			buildConfigurations = (
				5CAA0A9D222F5BC100BDE83B /* Debug */,
				5CAA0A9E222F5BC100BDE83B /* Release */,
			);
			defaultConfigurationIsVisible = 0;
			defaultConfigurationName = Release;
		};
/* End XCConfigurationList section */
	};
	rootObject = 5CAA0A82222F5BC000BDE83B /* Project object */;
}
